
Microsoft Visual Studio Solution File, Format Version 12.00
# Visual Studio 2013
VisualStudioVersion = 12.0.21005.1
MinimumVisualStudioVersion = 10.0.40219.1
Project("{FAE04EC0-301F-11D3-BF4B-00C04F79EFBC}") = "BusinessLogic", "BusinessLogic\BusinessLogic.csproj", "{098B5168-3299-4F32-AB19-CB2C7AFD764F}"
EndProject
Project("{FAE04EC0-301F-11D3-BF4B-00C04F79EFBC}") = "Model", "Model\Model.csproj", "{98F2D6EC-C411-4B96-9837-FB7D73A81360}"
EndProject
Project("{E24C65DC-7377-472B-9ABA-BC803B73C61A}") = "Web(3)", "http://localhost:4573", "{91ECA2DE-E766-4F05-AE09-04D5E6CA72BA}"
	ProjectSection(WebsiteProperties) = preProject
		UseIISExpress = "true"
		TargetFrameworkMoniker = ".NETFramework,Version%3Dv4.5"
		Debug.AspNetCompiler.VirtualPath = "/localhost_4573"
		Debug.AspNetCompiler.PhysicalPath = "Web\"
		Debug.AspNetCompiler.TargetPath = "PrecompiledWeb\localhost_4573\"
		Debug.AspNetCompiler.Updateable = "true"
		Debug.AspNetCompiler.ForceOverwrite = "true"
		Debug.AspNetCompiler.FixedNames = "false"
		Debug.AspNetCompiler.Debug = "True"
		Release.AspNetCompiler.VirtualPath = "/localhost_4573"
		Release.AspNetCompiler.PhysicalPath = "Web\"
		Release.AspNetCompiler.TargetPath = "PrecompiledWeb\localhost_4573\"
		Release.AspNetCompiler.Updateable = "true"
		Release.AspNetCompiler.ForceOverwrite = "true"
		Release.AspNetCompiler.FixedNames = "false"
		Release.AspNetCompiler.Debug = "False"
		SlnRelativePath = "Web\"
		DefaultWebSiteLanguage = "Visual C#"
	EndProjectSection
EndProject
Project("{FAE04EC0-301F-11D3-BF4B-00C04F79EFBC}") = "BMSP.DBAccesser", "BMSP.DBAccesser\BMSP.DBAccesser.csproj", "{5271A385-0276-4C29-8976-DD633A83A537}"
EndProject
Global
	GlobalSection(SolutionConfigurationPlatforms) = preSolution
		Debug|Any CPU = Debug|Any CPU
		Release|Any CPU = Release|Any CPU
	EndGlobalSection
	GlobalSection(ProjectConfigurationPlatforms) = postSolution
		{098B5168-3299-4F32-AB19-CB2C7AFD764F}.Debug|Any CPU.ActiveCfg = Debug|Any CPU
		{098B5168-3299-4F32-AB19-CB2C7AFD764F}.Debug|Any CPU.Build.0 = Debug|Any CPU
		{098B5168-3299-4F32-AB19-CB2C7AFD764F}.Release|Any CPU.ActiveCfg = Release|Any CPU
		{098B5168-3299-4F32-AB19-CB2C7AFD764F}.Release|Any CPU.Build.0 = Release|Any CPU
		{98F2D6EC-C411-4B96-9837-FB7D73A81360}.Debug|Any CPU.ActiveCfg = Debug|Any CPU
		{98F2D6EC-C411-4B96-9837-FB7D73A81360}.Debug|Any CPU.Build.0 = Debug|Any CPU
		{98F2D6EC-C411-4B96-9837-FB7D73A81360}.Release|Any CPU.ActiveCfg = Release|Any CPU
		{98F2D6EC-C411-4B96-9837-FB7D73A81360}.Release|Any CPU.Build.0 = Release|Any CPU
		{91ECA2DE-E766-4F05-AE09-04D5E6CA72BA}.Debug|Any CPU.ActiveCfg = Debug|Any CPU
		{91ECA2DE-E766-4F05-AE09-04D5E6CA72BA}.Debug|Any CPU.Build.0 = Debug|Any CPU
		{91ECA2DE-E766-4F05-AE09-04D5E6CA72BA}.Release|Any CPU.ActiveCfg = Debug|Any CPU
		{91ECA2DE-E766-4F05-AE09-04D5E6CA72BA}.Release|Any CPU.Build.0 = Debug|Any CPU
		{5271A385-0276-4C29-8976-DD633A83A537}.Debug|Any CPU.ActiveCfg = Debug|Any CPU
		{5271A385-0276-4C29-8976-DD633A83A537}.Debug|Any CPU.Build.0 = Debug|Any CPU
		{5271A385-0276-4C29-8976-DD633A83A537}.Release|Any CPU.ActiveCfg = Release|Any CPU
		{5271A385-0276-4C29-8976-DD633A83A537}.Release|Any CPU.Build.0 = Release|Any CPU
	EndGlobalSection
	GlobalSection(SolutionProperties) = preSolution
		HideSolutionNode = FALSE
	EndGlobalSection
EndGlobal
